// !$*UTF8*$!
{
	archiveVersion = 1;
	classes = {
	};
	objectVersion = 51;
	objects = {

/* Begin PBXBuildFile section */
		AFED65222A876ABF714B8201 /* Pods_iOS_TvShows.framework in Frameworks */ = {isa = PBXBuildFile; fileRef = 15045DC8224C4CE5B50F8BEC /* Pods_iOS_TvShows.framework */; };
		B6B38524273A743300CFE02C /* URLRequest+Extensions.swift in Sources */ = {isa = PBXBuildFile; fileRef = B6B38523273A743300CFE02C /* URLRequest+Extensions.swift */; };
		B6B38526273A921200CFE02C /* LoginViewController+Design.swift in Sources */ = {isa = PBXBuildFile; fileRef = B6B38525273A921200CFE02C /* LoginViewController+Design.swift */; };
		B6B38529273A923600CFE02C /* ConstructViewsProtocol.swift in Sources */ = {isa = PBXBuildFile; fileRef = B6B38528273A923600CFE02C /* ConstructViewsProtocol.swift */; };
		B6B3852C273A94A700CFE02C /* BundleImage.swift in Sources */ = {isa = PBXBuildFile; fileRef = B6B3852B273A94A700CFE02C /* BundleImage.swift */; };
		B6B3852E273A94EE00CFE02C /* UIImage+Extensions.swift in Sources */ = {isa = PBXBuildFile; fileRef = B6B3852D273A94EE00CFE02C /* UIImage+Extensions.swift */; };
		B6B38530273A955200CFE02C /* UINavigationController+Extensions.swift in Sources */ = {isa = PBXBuildFile; fileRef = B6B3852F273A955200CFE02C /* UINavigationController+Extensions.swift */; };
		B6B38532273A958D00CFE02C /* UINavigationBar+Extensions.swift in Sources */ = {isa = PBXBuildFile; fileRef = B6B38531273A958D00CFE02C /* UINavigationBar+Extensions.swift */; };
		B6B3854D273A992F00CFE02C /* UILabel+Extensions.swift in Sources */ = {isa = PBXBuildFile; fileRef = B6B3854C273A992F00CFE02C /* UILabel+Extensions.swift */; };
		B6B3855D273AAC2B00CFE02C /* UIView+Extensions.swift in Sources */ = {isa = PBXBuildFile; fileRef = B6B3855C273AAC2B00CFE02C /* UIView+Extensions.swift */; };
		B6B385F1273C3E9700CFE02C /* CGFloat+Extensions.swift in Sources */ = {isa = PBXBuildFile; fileRef = B6B385F0273C3E9700CFE02C /* CGFloat+Extensions.swift */; };
		B6B385F3273C3F3600CFE02C /* SecondaryButton.swift in Sources */ = {isa = PBXBuildFile; fileRef = B6B385F2273C3F3600CFE02C /* SecondaryButton.swift */; };
		B6B385F9273C433300CFE02C /* PrimaryButton.swift in Sources */ = {isa = PBXBuildFile; fileRef = B6B385F8273C433300CFE02C /* PrimaryButton.swift */; };
		B6B385FD273C43B800CFE02C /* BaseButton.swift in Sources */ = {isa = PBXBuildFile; fileRef = B6B385FC273C43B800CFE02C /* BaseButton.swift */; };
		B6B385FF273C447A00CFE02C /* BaseButton+Design.swift in Sources */ = {isa = PBXBuildFile; fileRef = B6B385FE273C447A00CFE02C /* BaseButton+Design.swift */; };
		B6B38602273C473B00CFE02C /* RememberButton.swift in Sources */ = {isa = PBXBuildFile; fileRef = B6B38601273C473B00CFE02C /* RememberButton.swift */; };
		B6B38605273C480B00CFE02C /* RememberButton+Design.swift in Sources */ = {isa = PBXBuildFile; fileRef = B6B38604273C480B00CFE02C /* RememberButton+Design.swift */; };
		B6B38608273C49C900CFE02C /* SeparatorView.swift in Sources */ = {isa = PBXBuildFile; fileRef = B6B38607273C49C900CFE02C /* SeparatorView.swift */; };
		B6B3860A273C49F500CFE02C /* SeparatorView+Design.swift in Sources */ = {isa = PBXBuildFile; fileRef = B6B38609273C49F500CFE02C /* SeparatorView+Design.swift */; };
		B6B3860E273C4B9500CFE02C /* TextFieldTypeModel.swift in Sources */ = {isa = PBXBuildFile; fileRef = B6B3860D273C4B9500CFE02C /* TextFieldTypeModel.swift */; };
		B6B38610273C4BFD00CFE02C /* TextFieldType.swift in Sources */ = {isa = PBXBuildFile; fileRef = B6B3860F273C4BFD00CFE02C /* TextFieldType.swift */; };
		B6B38612273C4C3600CFE02C /* CustomInputView.swift in Sources */ = {isa = PBXBuildFile; fileRef = B6B38611273C4C3600CFE02C /* CustomInputView.swift */; };
		B6B38614273C4C4100CFE02C /* CustomInputView+Design.swift in Sources */ = {isa = PBXBuildFile; fileRef = B6B38613273C4C4100CFE02C /* CustomInputView+Design.swift */; };
		B6B38617273C4C9A00CFE02C /* BaseTextField.swift in Sources */ = {isa = PBXBuildFile; fileRef = B6B38616273C4C9A00CFE02C /* BaseTextField.swift */; };
		B6B38619273C4F0C00CFE02C /* BaseTextField+Design.swift in Sources */ = {isa = PBXBuildFile; fileRef = B6B38618273C4F0C00CFE02C /* BaseTextField+Design.swift */; };
		B6B3861D273C600F00CFE02C /* KeyboardSubscriberInterface.swift in Sources */ = {isa = PBXBuildFile; fileRef = B6B3861C273C600F00CFE02C /* KeyboardSubscriberInterface.swift */; };
		B6B3861F273C603300CFE02C /* AppKeyboardServiceInterface.swift in Sources */ = {isa = PBXBuildFile; fileRef = B6B3861E273C603300CFE02C /* AppKeyboardServiceInterface.swift */; };
		B6B38621273C605900CFE02C /* AppKeyboardService.swift in Sources */ = {isa = PBXBuildFile; fileRef = B6B38620273C605900CFE02C /* AppKeyboardService.swift */; };
		B6B38623273C621900CFE02C /* KeyboardViewController.swift in Sources */ = {isa = PBXBuildFile; fileRef = B6B38622273C621900CFE02C /* KeyboardViewController.swift */; };
		B6BE823F27391EF4000C38E9 /* AppDelegate.swift in Sources */ = {isa = PBXBuildFile; fileRef = B6BE823E27391EF4000C38E9 /* AppDelegate.swift */; };
		B6BE824827391EF6000C38E9 /* Assets.xcassets in Resources */ = {isa = PBXBuildFile; fileRef = B6BE824727391EF6000C38E9 /* Assets.xcassets */; };
		B6BE824B27391EF6000C38E9 /* LaunchScreen.storyboard in Resources */ = {isa = PBXBuildFile; fileRef = B6BE824927391EF6000C38E9 /* LaunchScreen.storyboard */; };
		B6C90DF12742577400504E73 /* UIColor+Extensions.swift in Sources */ = {isa = PBXBuildFile; fileRef = B6C90DF02742577400504E73 /* UIColor+Extensions.swift */; };
		B6E71C1E273936BF009123A3 /* BaseWireframe.swift in Sources */ = {isa = PBXBuildFile; fileRef = B6E71C18273936BF009123A3 /* BaseWireframe.swift */; };
		B6E71C1F273936BF009123A3 /* FormatterInterface.swift in Sources */ = {isa = PBXBuildFile; fileRef = B6E71C19273936BF009123A3 /* FormatterInterface.swift */; };
		B6E71C20273936BF009123A3 /* UIStoryboardExtension.swift in Sources */ = {isa = PBXBuildFile; fileRef = B6E71C1A273936BF009123A3 /* UIStoryboardExtension.swift */; };
		B6E71C21273936BF009123A3 /* PresenterInterface.swift in Sources */ = {isa = PBXBuildFile; fileRef = B6E71C1B273936BF009123A3 /* PresenterInterface.swift */; };
		B6E71C22273936BF009123A3 /* ViewInterface.swift in Sources */ = {isa = PBXBuildFile; fileRef = B6E71C1C273936BF009123A3 /* ViewInterface.swift */; };
		B6E71C23273936BF009123A3 /* InteractorInterface.swift in Sources */ = {isa = PBXBuildFile; fileRef = B6E71C1D273936BF009123A3 /* InteractorInterface.swift */; };
		B6E71C3B27393D70009123A3 /* LoginInterfaces.swift in Sources */ = {isa = PBXBuildFile; fileRef = B6E71C3627393D70009123A3 /* LoginInterfaces.swift */; };
		B6E71C3C27393D70009123A3 /* LoginPresenter.swift in Sources */ = {isa = PBXBuildFile; fileRef = B6E71C3727393D70009123A3 /* LoginPresenter.swift */; };
		B6E71C3D27393D70009123A3 /* LoginViewController.swift in Sources */ = {isa = PBXBuildFile; fileRef = B6E71C3827393D70009123A3 /* LoginViewController.swift */; };
		B6E71C3E27393D70009123A3 /* LoginInteractor.swift in Sources */ = {isa = PBXBuildFile; fileRef = B6E71C3927393D70009123A3 /* LoginInteractor.swift */; };
		B6E71C3F27393D70009123A3 /* LoginWireframe.swift in Sources */ = {isa = PBXBuildFile; fileRef = B6E71C3A27393D70009123A3 /* LoginWireframe.swift */; };
		B6E71C4B27394973009123A3 /* Routable.swift in Sources */ = {isa = PBXBuildFile; fileRef = B6E71C4A27394973009123A3 /* Routable.swift */; };
		B6E71C4E273949AC009123A3 /* EncodableParams.swift in Sources */ = {isa = PBXBuildFile; fileRef = B6E71C4D273949AC009123A3 /* EncodableParams.swift */; };
		B6E71C50273949D3009123A3 /* Router.swift in Sources */ = {isa = PBXBuildFile; fileRef = B6E71C4F273949D3009123A3 /* Router.swift */; };
		B6E71C5327394A94009123A3 /* SessionManager.swift in Sources */ = {isa = PBXBuildFile; fileRef = B6E71C5227394A94009123A3 /* SessionManager.swift */; };
		B6E71C5627394B1C009123A3 /* APIService.swift in Sources */ = {isa = PBXBuildFile; fileRef = B6E71C5527394B1C009123A3 /* APIService.swift */; };
		B6E71C5927394B35009123A3 /* APIService+Rx.swift in Sources */ = {isa = PBXBuildFile; fileRef = B6E71C5827394B35009123A3 /* APIService+Rx.swift */; };
		B6E71C5D27394B81009123A3 /* Result+Rx.swift in Sources */ = {isa = PBXBuildFile; fileRef = B6E71C5C27394B81009123A3 /* Result+Rx.swift */; };
		B6E71C5F27394B90009123A3 /* Result+Map.swift in Sources */ = {isa = PBXBuildFile; fileRef = B6E71C5E27394B90009123A3 /* Result+Map.swift */; };
		B6E71C6227394CE9009123A3 /* LoginRouter.swift in Sources */ = {isa = PBXBuildFile; fileRef = B6E71C6127394CE9009123A3 /* LoginRouter.swift */; };
		B6E71C6627394FC9009123A3 /* AuthAdapter.swift in Sources */ = {isa = PBXBuildFile; fileRef = B6E71C6527394FC9009123A3 /* AuthAdapter.swift */; };
		B6E71C682739501A009123A3 /* Constants.swift in Sources */ = {isa = PBXBuildFile; fileRef = B6E71C672739501A009123A3 /* Constants.swift */; };
		B6E71C6B2739518A009123A3 /* AuthStorage.swift in Sources */ = {isa = PBXBuildFile; fileRef = B6E71C6A2739518A009123A3 /* AuthStorage.swift */; };
		B6E71C6D273951AA009123A3 /* AuthStorageInterface.swift in Sources */ = {isa = PBXBuildFile; fileRef = B6E71C6C273951AA009123A3 /* AuthStorageInterface.swift */; };
		B6E71C70273952D3009123A3 /* AuthInfo.swift in Sources */ = {isa = PBXBuildFile; fileRef = B6E71C6F273952D3009123A3 /* AuthInfo.swift */; };
		B6E71C7327396431009123A3 /* DataRequest+Decodable.swift in Sources */ = {isa = PBXBuildFile; fileRef = B6E71C7227396431009123A3 /* DataRequest+Decodable.swift */; };
/* End PBXBuildFile section */

/* Begin PBXFileReference section */
		15045DC8224C4CE5B50F8BEC /* Pods_iOS_TvShows.framework */ = {isa = PBXFileReference; explicitFileType = wrapper.framework; includeInIndex = 0; path = Pods_iOS_TvShows.framework; sourceTree = BUILT_PRODUCTS_DIR; };
		3EA1561A71DEA0C945D5C561 /* Pods-iOS-TvShows.debug.xcconfig */ = {isa = PBXFileReference; includeInIndex = 1; lastKnownFileType = text.xcconfig; name = "Pods-iOS-TvShows.debug.xcconfig"; path = "Target Support Files/Pods-iOS-TvShows/Pods-iOS-TvShows.debug.xcconfig"; sourceTree = "<group>"; };
		80FD8EDB93E97C2996CF93D1 /* Pods-iOS-TvShows.release.xcconfig */ = {isa = PBXFileReference; includeInIndex = 1; lastKnownFileType = text.xcconfig; name = "Pods-iOS-TvShows.release.xcconfig"; path = "Target Support Files/Pods-iOS-TvShows/Pods-iOS-TvShows.release.xcconfig"; sourceTree = "<group>"; };
		B6B38523273A743300CFE02C /* URLRequest+Extensions.swift */ = {isa = PBXFileReference; lastKnownFileType = sourcecode.swift; path = "URLRequest+Extensions.swift"; sourceTree = "<group>"; };
		B6B38525273A921200CFE02C /* LoginViewController+Design.swift */ = {isa = PBXFileReference; lastKnownFileType = sourcecode.swift; path = "LoginViewController+Design.swift"; sourceTree = "<group>"; };
		B6B38528273A923600CFE02C /* ConstructViewsProtocol.swift */ = {isa = PBXFileReference; lastKnownFileType = sourcecode.swift; path = ConstructViewsProtocol.swift; sourceTree = "<group>"; };
		B6B3852B273A94A700CFE02C /* BundleImage.swift */ = {isa = PBXFileReference; lastKnownFileType = sourcecode.swift; path = BundleImage.swift; sourceTree = "<group>"; };
		B6B3852D273A94EE00CFE02C /* UIImage+Extensions.swift */ = {isa = PBXFileReference; lastKnownFileType = sourcecode.swift; path = "UIImage+Extensions.swift"; sourceTree = "<group>"; };
		B6B3852F273A955200CFE02C /* UINavigationController+Extensions.swift */ = {isa = PBXFileReference; lastKnownFileType = sourcecode.swift; path = "UINavigationController+Extensions.swift"; sourceTree = "<group>"; };
		B6B38531273A958D00CFE02C /* UINavigationBar+Extensions.swift */ = {isa = PBXFileReference; lastKnownFileType = sourcecode.swift; path = "UINavigationBar+Extensions.swift"; sourceTree = "<group>"; };
		B6B3854C273A992F00CFE02C /* UILabel+Extensions.swift */ = {isa = PBXFileReference; lastKnownFileType = sourcecode.swift; path = "UILabel+Extensions.swift"; sourceTree = "<group>"; };
		B6B3855C273AAC2B00CFE02C /* UIView+Extensions.swift */ = {isa = PBXFileReference; lastKnownFileType = sourcecode.swift; path = "UIView+Extensions.swift"; sourceTree = "<group>"; };
		B6B385F0273C3E9700CFE02C /* CGFloat+Extensions.swift */ = {isa = PBXFileReference; lastKnownFileType = sourcecode.swift; path = "CGFloat+Extensions.swift"; sourceTree = "<group>"; };
		B6B385F2273C3F3600CFE02C /* SecondaryButton.swift */ = {isa = PBXFileReference; lastKnownFileType = sourcecode.swift; path = SecondaryButton.swift; sourceTree = "<group>"; };
		B6B385F8273C433300CFE02C /* PrimaryButton.swift */ = {isa = PBXFileReference; lastKnownFileType = sourcecode.swift; path = PrimaryButton.swift; sourceTree = "<group>"; };
		B6B385FC273C43B800CFE02C /* BaseButton.swift */ = {isa = PBXFileReference; lastKnownFileType = sourcecode.swift; path = BaseButton.swift; sourceTree = "<group>"; };
		B6B385FE273C447A00CFE02C /* BaseButton+Design.swift */ = {isa = PBXFileReference; lastKnownFileType = sourcecode.swift; path = "BaseButton+Design.swift"; sourceTree = "<group>"; };
		B6B38601273C473B00CFE02C /* RememberButton.swift */ = {isa = PBXFileReference; lastKnownFileType = sourcecode.swift; path = RememberButton.swift; sourceTree = "<group>"; };
		B6B38604273C480B00CFE02C /* RememberButton+Design.swift */ = {isa = PBXFileReference; lastKnownFileType = sourcecode.swift; path = "RememberButton+Design.swift"; sourceTree = "<group>"; };
		B6B38607273C49C900CFE02C /* SeparatorView.swift */ = {isa = PBXFileReference; lastKnownFileType = sourcecode.swift; path = SeparatorView.swift; sourceTree = "<group>"; };
		B6B38609273C49F500CFE02C /* SeparatorView+Design.swift */ = {isa = PBXFileReference; lastKnownFileType = sourcecode.swift; path = "SeparatorView+Design.swift"; sourceTree = "<group>"; };
		B6B3860D273C4B9500CFE02C /* TextFieldTypeModel.swift */ = {isa = PBXFileReference; lastKnownFileType = sourcecode.swift; path = TextFieldTypeModel.swift; sourceTree = "<group>"; };
		B6B3860F273C4BFD00CFE02C /* TextFieldType.swift */ = {isa = PBXFileReference; lastKnownFileType = sourcecode.swift; path = TextFieldType.swift; sourceTree = "<group>"; };
		B6B38611273C4C3600CFE02C /* CustomInputView.swift */ = {isa = PBXFileReference; lastKnownFileType = sourcecode.swift; path = CustomInputView.swift; sourceTree = "<group>"; };
		B6B38613273C4C4100CFE02C /* CustomInputView+Design.swift */ = {isa = PBXFileReference; lastKnownFileType = sourcecode.swift; path = "CustomInputView+Design.swift"; sourceTree = "<group>"; };
		B6B38616273C4C9A00CFE02C /* BaseTextField.swift */ = {isa = PBXFileReference; lastKnownFileType = sourcecode.swift; path = BaseTextField.swift; sourceTree = "<group>"; };
		B6B38618273C4F0C00CFE02C /* BaseTextField+Design.swift */ = {isa = PBXFileReference; lastKnownFileType = sourcecode.swift; path = "BaseTextField+Design.swift"; sourceTree = "<group>"; };
		B6B3861C273C600F00CFE02C /* KeyboardSubscriberInterface.swift */ = {isa = PBXFileReference; lastKnownFileType = sourcecode.swift; path = KeyboardSubscriberInterface.swift; sourceTree = "<group>"; };
		B6B3861E273C603300CFE02C /* AppKeyboardServiceInterface.swift */ = {isa = PBXFileReference; lastKnownFileType = sourcecode.swift; path = AppKeyboardServiceInterface.swift; sourceTree = "<group>"; };
		B6B38620273C605900CFE02C /* AppKeyboardService.swift */ = {isa = PBXFileReference; lastKnownFileType = sourcecode.swift; path = AppKeyboardService.swift; sourceTree = "<group>"; };
		B6B38622273C621900CFE02C /* KeyboardViewController.swift */ = {isa = PBXFileReference; lastKnownFileType = sourcecode.swift; path = KeyboardViewController.swift; sourceTree = "<group>"; };
		B6BE823B27391EF4000C38E9 /* iOS-TvShows.app */ = {isa = PBXFileReference; explicitFileType = wrapper.application; includeInIndex = 0; path = "iOS-TvShows.app"; sourceTree = BUILT_PRODUCTS_DIR; };
		B6BE823E27391EF4000C38E9 /* AppDelegate.swift */ = {isa = PBXFileReference; lastKnownFileType = sourcecode.swift; path = AppDelegate.swift; sourceTree = "<group>"; };
		B6BE824727391EF6000C38E9 /* Assets.xcassets */ = {isa = PBXFileReference; lastKnownFileType = folder.assetcatalog; path = Assets.xcassets; sourceTree = "<group>"; };
		B6BE824A27391EF6000C38E9 /* Base */ = {isa = PBXFileReference; lastKnownFileType = file.storyboard; name = Base; path = Base.lproj/LaunchScreen.storyboard; sourceTree = "<group>"; };
		B6BE824C27391EF6000C38E9 /* Info.plist */ = {isa = PBXFileReference; lastKnownFileType = text.plist.xml; path = Info.plist; sourceTree = "<group>"; };
		B6C90DF02742577400504E73 /* UIColor+Extensions.swift */ = {isa = PBXFileReference; fileEncoding = 4; lastKnownFileType = sourcecode.swift; path = "UIColor+Extensions.swift"; sourceTree = "<group>"; };
		B6E71C18273936BF009123A3 /* BaseWireframe.swift */ = {isa = PBXFileReference; lastKnownFileType = sourcecode.swift; path = BaseWireframe.swift; sourceTree = "<group>"; };
		B6E71C19273936BF009123A3 /* FormatterInterface.swift */ = {isa = PBXFileReference; lastKnownFileType = sourcecode.swift; path = FormatterInterface.swift; sourceTree = "<group>"; };
		B6E71C1A273936BF009123A3 /* UIStoryboardExtension.swift */ = {isa = PBXFileReference; lastKnownFileType = sourcecode.swift; path = UIStoryboardExtension.swift; sourceTree = "<group>"; };
		B6E71C1B273936BF009123A3 /* PresenterInterface.swift */ = {isa = PBXFileReference; lastKnownFileType = sourcecode.swift; path = PresenterInterface.swift; sourceTree = "<group>"; };
		B6E71C1C273936BF009123A3 /* ViewInterface.swift */ = {isa = PBXFileReference; lastKnownFileType = sourcecode.swift; path = ViewInterface.swift; sourceTree = "<group>"; };
		B6E71C1D273936BF009123A3 /* InteractorInterface.swift */ = {isa = PBXFileReference; lastKnownFileType = sourcecode.swift; path = InteractorInterface.swift; sourceTree = "<group>"; };
		B6E71C3627393D70009123A3 /* LoginInterfaces.swift */ = {isa = PBXFileReference; lastKnownFileType = sourcecode.swift; path = LoginInterfaces.swift; sourceTree = "<group>"; };
		B6E71C3727393D70009123A3 /* LoginPresenter.swift */ = {isa = PBXFileReference; lastKnownFileType = sourcecode.swift; path = LoginPresenter.swift; sourceTree = "<group>"; };
		B6E71C3827393D70009123A3 /* LoginViewController.swift */ = {isa = PBXFileReference; lastKnownFileType = sourcecode.swift; path = LoginViewController.swift; sourceTree = "<group>"; };
		B6E71C3927393D70009123A3 /* LoginInteractor.swift */ = {isa = PBXFileReference; lastKnownFileType = sourcecode.swift; path = LoginInteractor.swift; sourceTree = "<group>"; };
		B6E71C3A27393D70009123A3 /* LoginWireframe.swift */ = {isa = PBXFileReference; lastKnownFileType = sourcecode.swift; path = LoginWireframe.swift; sourceTree = "<group>"; };
		B6E71C4A27394973009123A3 /* Routable.swift */ = {isa = PBXFileReference; lastKnownFileType = sourcecode.swift; path = Routable.swift; sourceTree = "<group>"; };
		B6E71C4D273949AC009123A3 /* EncodableParams.swift */ = {isa = PBXFileReference; lastKnownFileType = sourcecode.swift; path = EncodableParams.swift; sourceTree = "<group>"; };
		B6E71C4F273949D3009123A3 /* Router.swift */ = {isa = PBXFileReference; lastKnownFileType = sourcecode.swift; path = Router.swift; sourceTree = "<group>"; };
		B6E71C5227394A94009123A3 /* SessionManager.swift */ = {isa = PBXFileReference; lastKnownFileType = sourcecode.swift; path = SessionManager.swift; sourceTree = "<group>"; };
		B6E71C5527394B1C009123A3 /* APIService.swift */ = {isa = PBXFileReference; lastKnownFileType = sourcecode.swift; path = APIService.swift; sourceTree = "<group>"; };
		B6E71C5827394B35009123A3 /* APIService+Rx.swift */ = {isa = PBXFileReference; lastKnownFileType = sourcecode.swift; path = "APIService+Rx.swift"; sourceTree = "<group>"; };
		B6E71C5C27394B81009123A3 /* Result+Rx.swift */ = {isa = PBXFileReference; lastKnownFileType = sourcecode.swift; path = "Result+Rx.swift"; sourceTree = "<group>"; };
		B6E71C5E27394B90009123A3 /* Result+Map.swift */ = {isa = PBXFileReference; lastKnownFileType = sourcecode.swift; path = "Result+Map.swift"; sourceTree = "<group>"; };
		B6E71C6127394CE9009123A3 /* LoginRouter.swift */ = {isa = PBXFileReference; lastKnownFileType = sourcecode.swift; path = LoginRouter.swift; sourceTree = "<group>"; };
		B6E71C6527394FC9009123A3 /* AuthAdapter.swift */ = {isa = PBXFileReference; lastKnownFileType = sourcecode.swift; path = AuthAdapter.swift; sourceTree = "<group>"; };
		B6E71C672739501A009123A3 /* Constants.swift */ = {isa = PBXFileReference; lastKnownFileType = sourcecode.swift; path = Constants.swift; sourceTree = "<group>"; };
		B6E71C6A2739518A009123A3 /* AuthStorage.swift */ = {isa = PBXFileReference; lastKnownFileType = sourcecode.swift; path = AuthStorage.swift; sourceTree = "<group>"; };
		B6E71C6C273951AA009123A3 /* AuthStorageInterface.swift */ = {isa = PBXFileReference; lastKnownFileType = sourcecode.swift; path = AuthStorageInterface.swift; sourceTree = "<group>"; };
		B6E71C6F273952D3009123A3 /* AuthInfo.swift */ = {isa = PBXFileReference; lastKnownFileType = sourcecode.swift; path = AuthInfo.swift; sourceTree = "<group>"; };
		B6E71C7227396431009123A3 /* DataRequest+Decodable.swift */ = {isa = PBXFileReference; lastKnownFileType = sourcecode.swift; path = "DataRequest+Decodable.swift"; sourceTree = "<group>"; };
/* End PBXFileReference section */

/* Begin PBXFrameworksBuildPhase section */
		B6BE823827391EF4000C38E9 /* Frameworks */ = {
			isa = PBXFrameworksBuildPhase;
			buildActionMask = 2147483647;
			files = (
				AFED65222A876ABF714B8201 /* Pods_iOS_TvShows.framework in Frameworks */,
			);
			runOnlyForDeploymentPostprocessing = 0;
		};
/* End PBXFrameworksBuildPhase section */

/* Begin PBXGroup section */
		21BB94973E1428483CD17A42 /* Frameworks */ = {
			isa = PBXGroup;
			children = (
				15045DC8224C4CE5B50F8BEC /* Pods_iOS_TvShows.framework */,
			);
			name = Frameworks;
			sourceTree = "<group>";
		};
		437EB7DC3D0EDE3B62046C4B /* Pods */ = {
			isa = PBXGroup;
			children = (
				3EA1561A71DEA0C945D5C561 /* Pods-iOS-TvShows.debug.xcconfig */,
				80FD8EDB93E97C2996CF93D1 /* Pods-iOS-TvShows.release.xcconfig */,
			);
			path = Pods;
			sourceTree = "<group>";
		};
		B6B38527273A922600CFE02C /* UI */ = {
			isa = PBXGroup;
			children = (
				B6B38528273A923600CFE02C /* ConstructViewsProtocol.swift */,
				B6B3852A273A949C00CFE02C /* Bundles */,
				B6B3855E273C3DAF00CFE02C /* Components */,
			);
			path = UI;
			sourceTree = "<group>";
		};
		B6B3852A273A949C00CFE02C /* Bundles */ = {
			isa = PBXGroup;
			children = (
				B6B3852B273A94A700CFE02C /* BundleImage.swift */,
			);
			path = Bundles;
			sourceTree = "<group>";
		};
		B6B3855E273C3DAF00CFE02C /* Components */ = {
			isa = PBXGroup;
			children = (
				B6B3855F273C3DBB00CFE02C /* Buttons */,
				B6B3860B273C4B7600CFE02C /* InputViews */,
				B6B38606273C49B700CFE02C /* Separator */,
			);
			path = Components;
			sourceTree = "<group>";
		};
		B6B3855F273C3DBB00CFE02C /* Buttons */ = {
			isa = PBXGroup;
			children = (
				B6B385F8273C433300CFE02C /* PrimaryButton.swift */,
				B6B385F2273C3F3600CFE02C /* SecondaryButton.swift */,
				B6B38600273C467A00CFE02C /* BaseButton */,
				B6B38603273C47F900CFE02C /* RememberButton */,
			);
			path = Buttons;
			sourceTree = "<group>";
		};
		B6B38600273C467A00CFE02C /* BaseButton */ = {
			isa = PBXGroup;
			children = (
				B6B385FC273C43B800CFE02C /* BaseButton.swift */,
				B6B385FE273C447A00CFE02C /* BaseButton+Design.swift */,
			);
			path = BaseButton;
			sourceTree = "<group>";
		};
		B6B38603273C47F900CFE02C /* RememberButton */ = {
			isa = PBXGroup;
			children = (
				B6B38601273C473B00CFE02C /* RememberButton.swift */,
				B6B38604273C480B00CFE02C /* RememberButton+Design.swift */,
			);
			path = RememberButton;
			sourceTree = "<group>";
		};
		B6B38606273C49B700CFE02C /* Separator */ = {
			isa = PBXGroup;
			children = (
				B6B38607273C49C900CFE02C /* SeparatorView.swift */,
				B6B38609273C49F500CFE02C /* SeparatorView+Design.swift */,
			);
			path = Separator;
			sourceTree = "<group>";
		};
		B6B3860B273C4B7600CFE02C /* InputViews */ = {
			isa = PBXGroup;
			children = (
				B6B38611273C4C3600CFE02C /* CustomInputView.swift */,
				B6B38613273C4C4100CFE02C /* CustomInputView+Design.swift */,
				B6B38615273C4C8900CFE02C /* BaseTextField */,
				B6B3860C273C4B8400CFE02C /* Models */,
			);
			path = InputViews;
			sourceTree = "<group>";
		};
		B6B3860C273C4B8400CFE02C /* Models */ = {
			isa = PBXGroup;
			children = (
				B6B3860D273C4B9500CFE02C /* TextFieldTypeModel.swift */,
				B6B3860F273C4BFD00CFE02C /* TextFieldType.swift */,
			);
			path = Models;
			sourceTree = "<group>";
		};
		B6B38615273C4C8900CFE02C /* BaseTextField */ = {
			isa = PBXGroup;
			children = (
				B6B38616273C4C9A00CFE02C /* BaseTextField.swift */,
				B6B38618273C4F0C00CFE02C /* BaseTextField+Design.swift */,
			);
			path = BaseTextField;
			sourceTree = "<group>";
		};
		B6B3861A273C5FE700CFE02C /* Services */ = {
			isa = PBXGroup;
			children = (
				B6B3861B273C5FF300CFE02C /* AppKeyboardService */,
			);
			path = Services;
			sourceTree = "<group>";
		};
		B6B3861B273C5FF300CFE02C /* AppKeyboardService */ = {
			isa = PBXGroup;
			children = (
				B6B38620273C605900CFE02C /* AppKeyboardService.swift */,
				B6B3861E273C603300CFE02C /* AppKeyboardServiceInterface.swift */,
				B6B3861C273C600F00CFE02C /* KeyboardSubscriberInterface.swift */,
				B6B38622273C621900CFE02C /* KeyboardViewController.swift */,
			);
			path = AppKeyboardService;
			sourceTree = "<group>";
		};
		B6BE823227391EF4000C38E9 = {
			isa = PBXGroup;
			children = (
				B6BE823D27391EF4000C38E9 /* iOS-TvShows */,
				B6BE823C27391EF4000C38E9 /* Products */,
				437EB7DC3D0EDE3B62046C4B /* Pods */,
				21BB94973E1428483CD17A42 /* Frameworks */,
			);
			sourceTree = "<group>";
		};
		B6BE823C27391EF4000C38E9 /* Products */ = {
			isa = PBXGroup;
			children = (
				B6BE823B27391EF4000C38E9 /* iOS-TvShows.app */,
			);
			name = Products;
			sourceTree = "<group>";
		};
		B6BE823D27391EF4000C38E9 /* iOS-TvShows */ = {
			isa = PBXGroup;
			children = (
				B6E71C282739373F009123A3 /* Application */,
				B6E71C24273936C7009123A3 /* Common */,
				B6E71C3527393D63009123A3 /* Modules */,
				B6E71C2627393714009123A3 /* Resources */,
				B6E71C292739383D009123A3 /* SupportingFiles */,
			);
			path = "iOS-TvShows";
			sourceTree = "<group>";
		};
		B6E71C24273936C7009123A3 /* Common */ = {
			isa = PBXGroup;
			children = (
				B6E71C5A27394B6E009123A3 /* Extensions */,
				B6E71C482739495B009123A3 /* Networking */,
				B6B3861A273C5FE700CFE02C /* Services */,
				B6B38527273A922600CFE02C /* UI */,
				B6E71C25273936CC009123A3 /* VIPER */,
			);
			path = Common;
			sourceTree = "<group>";
		};
		B6E71C25273936CC009123A3 /* VIPER */ = {
			isa = PBXGroup;
			children = (
				B6E71C18273936BF009123A3 /* BaseWireframe.swift */,
				B6E71C19273936BF009123A3 /* FormatterInterface.swift */,
				B6E71C1A273936BF009123A3 /* UIStoryboardExtension.swift */,
				B6E71C1B273936BF009123A3 /* PresenterInterface.swift */,
				B6E71C1C273936BF009123A3 /* ViewInterface.swift */,
				B6E71C1D273936BF009123A3 /* InteractorInterface.swift */,
			);
			path = VIPER;
			sourceTree = "<group>";
		};
		B6E71C2627393714009123A3 /* Resources */ = {
			isa = PBXGroup;
			children = (
				B6BE824727391EF6000C38E9 /* Assets.xcassets */,
			);
			path = Resources;
			sourceTree = "<group>";
		};
		B6E71C282739373F009123A3 /* Application */ = {
			isa = PBXGroup;
			children = (
				B6BE824C27391EF6000C38E9 /* Info.plist */,
				B6BE823E27391EF4000C38E9 /* AppDelegate.swift */,
				B6E71C672739501A009123A3 /* Constants.swift */,
			);
			path = Application;
			sourceTree = "<group>";
		};
		B6E71C292739383D009123A3 /* SupportingFiles */ = {
			isa = PBXGroup;
			children = (
				B6BE824927391EF6000C38E9 /* LaunchScreen.storyboard */,
			);
			path = SupportingFiles;
			sourceTree = "<group>";
		};
		B6E71C3527393D63009123A3 /* Modules */ = {
			isa = PBXGroup;
			children = (
				B6E71C4027393D75009123A3 /* Login */,
			);
			path = Modules;
			sourceTree = "<group>";
		};
		B6E71C4027393D75009123A3 /* Login */ = {
			isa = PBXGroup;
			children = (
				B6E71C3927393D70009123A3 /* LoginInteractor.swift */,
				B6E71C3627393D70009123A3 /* LoginInterfaces.swift */,
				B6E71C3727393D70009123A3 /* LoginPresenter.swift */,
				B6E71C3827393D70009123A3 /* LoginViewController.swift */,
				B6B38525273A921200CFE02C /* LoginViewController+Design.swift */,
				B6E71C3A27393D70009123A3 /* LoginWireframe.swift */,
				B6E71C6027394C25009123A3 /* Router */,
			);
			path = Login;
			sourceTree = "<group>";
		};
		B6E71C482739495B009123A3 /* Networking */ = {
			isa = PBXGroup;
			children = (
				B6E71C6427394FBE009123A3 /* Adapters */,
				B6E71C6927395167009123A3 /* Authentication */,
				B6E71C712739640D009123A3 /* DecodableAlamofire */,
				B6E71C4C2739499B009123A3 /* Encoding */,
				B6E71C4927394967009123A3 /* Router */,
				B6E71C5727394B25009123A3 /* Rx */,
				B6E71C5427394B12009123A3 /* Service */,
				B6E71C5127394A86009123A3 /* SessionManager */,
			);
			path = Networking;
			sourceTree = "<group>";
		};
		B6E71C4927394967009123A3 /* Router */ = {
			isa = PBXGroup;
			children = (
				B6E71C4A27394973009123A3 /* Routable.swift */,
				B6E71C4F273949D3009123A3 /* Router.swift */,
			);
			path = Router;
			sourceTree = "<group>";
		};
		B6E71C4C2739499B009123A3 /* Encoding */ = {
			isa = PBXGroup;
			children = (
				B6E71C4D273949AC009123A3 /* EncodableParams.swift */,
			);
			path = Encoding;
			sourceTree = "<group>";
		};
		B6E71C5127394A86009123A3 /* SessionManager */ = {
			isa = PBXGroup;
			children = (
				B6E71C5227394A94009123A3 /* SessionManager.swift */,
			);
			path = SessionManager;
			sourceTree = "<group>";
		};
		B6E71C5427394B12009123A3 /* Service */ = {
			isa = PBXGroup;
			children = (
				B6E71C5527394B1C009123A3 /* APIService.swift */,
			);
			path = Service;
			sourceTree = "<group>";
		};
		B6E71C5727394B25009123A3 /* Rx */ = {
			isa = PBXGroup;
			children = (
				B6E71C5827394B35009123A3 /* APIService+Rx.swift */,
			);
			path = Rx;
			sourceTree = "<group>";
		};
		B6E71C5A27394B6E009123A3 /* Extensions */ = {
			isa = PBXGroup;
			children = (
				B6C90DF02742577400504E73 /* UIColor+Extensions.swift */,
				B6B385F0273C3E9700CFE02C /* CGFloat+Extensions.swift */,
				B6B3852D273A94EE00CFE02C /* UIImage+Extensions.swift */,
				B6B3854C273A992F00CFE02C /* UILabel+Extensions.swift */,
				B6B38531273A958D00CFE02C /* UINavigationBar+Extensions.swift */,
				B6B3855C273AAC2B00CFE02C /* UIView+Extensions.swift */,
				B6B3852F273A955200CFE02C /* UINavigationController+Extensions.swift */,
				B6B38523273A743300CFE02C /* URLRequest+Extensions.swift */,
				B6E71C5B27394B76009123A3 /* Result */,
			);
			path = Extensions;
			sourceTree = "<group>";
		};
		B6E71C5B27394B76009123A3 /* Result */ = {
			isa = PBXGroup;
			children = (
				B6E71C5C27394B81009123A3 /* Result+Rx.swift */,
				B6E71C5E27394B90009123A3 /* Result+Map.swift */,
			);
			path = Result;
			sourceTree = "<group>";
		};
		B6E71C6027394C25009123A3 /* Router */ = {
			isa = PBXGroup;
			children = (
				B6E71C6127394CE9009123A3 /* LoginRouter.swift */,
			);
			path = Router;
			sourceTree = "<group>";
		};
		B6E71C6427394FBE009123A3 /* Adapters */ = {
			isa = PBXGroup;
			children = (
				B6E71C6527394FC9009123A3 /* AuthAdapter.swift */,
			);
			path = Adapters;
			sourceTree = "<group>";
		};
		B6E71C6927395167009123A3 /* Authentication */ = {
			isa = PBXGroup;
			children = (
				B6E71C6A2739518A009123A3 /* AuthStorage.swift */,
				B6E71C6C273951AA009123A3 /* AuthStorageInterface.swift */,
				B6E71C6E273952C3009123A3 /* Model */,
			);
			path = Authentication;
			sourceTree = "<group>";
		};
		B6E71C6E273952C3009123A3 /* Model */ = {
			isa = PBXGroup;
			children = (
				B6E71C6F273952D3009123A3 /* AuthInfo.swift */,
			);
			path = Model;
			sourceTree = "<group>";
		};
		B6E71C712739640D009123A3 /* DecodableAlamofire */ = {
			isa = PBXGroup;
			children = (
				B6E71C7227396431009123A3 /* DataRequest+Decodable.swift */,
			);
			path = DecodableAlamofire;
			sourceTree = "<group>";
		};
/* End PBXGroup section */

/* Begin PBXNativeTarget section */
		B6BE823A27391EF4000C38E9 /* iOS-TvShows */ = {
			isa = PBXNativeTarget;
			buildConfigurationList = B6BE824F27391EF6000C38E9 /* Build configuration list for PBXNativeTarget "iOS-TvShows" */;
			buildPhases = (
				0DB902B88795DF92575B9F83 /* [CP] Check Pods Manifest.lock */,
				B6BE823727391EF4000C38E9 /* Sources */,
				B6BE823827391EF4000C38E9 /* Frameworks */,
				B6BE823927391EF4000C38E9 /* Resources */,
				D42D21CFE36760A64ECDF94F /* [CP] Embed Pods Frameworks */,
			);
			buildRules = (
			);
			dependencies = (
			);
			name = "iOS-TvShows";
			productName = "iOS-TvShows";
			productReference = B6BE823B27391EF4000C38E9 /* iOS-TvShows.app */;
			productType = "com.apple.product-type.application";
		};
/* End PBXNativeTarget section */

/* Begin PBXProject section */
		B6BE823327391EF4000C38E9 /* Project object */ = {
			isa = PBXProject;
			attributes = {
				LastSwiftUpdateCheck = 1250;
				LastUpgradeCheck = 1250;
				TargetAttributes = {
					B6BE823A27391EF4000C38E9 = {
						CreatedOnToolsVersion = 12.5.1;
					};
				};
			};
			buildConfigurationList = B6BE823627391EF4000C38E9 /* Build configuration list for PBXProject "iOS-TvShows" */;
			compatibilityVersion = "Xcode 9.3";
			developmentRegion = en;
			hasScannedForEncodings = 0;
			knownRegions = (
				en,
				Base,
			);
			mainGroup = B6BE823227391EF4000C38E9;
			productRefGroup = B6BE823C27391EF4000C38E9 /* Products */;
			projectDirPath = "";
			projectRoot = "";
			targets = (
				B6BE823A27391EF4000C38E9 /* iOS-TvShows */,
			);
		};
/* End PBXProject section */

/* Begin PBXResourcesBuildPhase section */
		B6BE823927391EF4000C38E9 /* Resources */ = {
			isa = PBXResourcesBuildPhase;
			buildActionMask = 2147483647;
			files = (
				B6BE824B27391EF6000C38E9 /* LaunchScreen.storyboard in Resources */,
				B6BE824827391EF6000C38E9 /* Assets.xcassets in Resources */,
			);
			runOnlyForDeploymentPostprocessing = 0;
		};
/* End PBXResourcesBuildPhase section */

/* Begin PBXShellScriptBuildPhase section */
		0DB902B88795DF92575B9F83 /* [CP] Check Pods Manifest.lock */ = {
			isa = PBXShellScriptBuildPhase;
			buildActionMask = 2147483647;
			files = (
			);
			inputFileListPaths = (
			);
			inputPaths = (
				"${PODS_PODFILE_DIR_PATH}/Podfile.lock",
				"${PODS_ROOT}/Manifest.lock",
			);
			name = "[CP] Check Pods Manifest.lock";
			outputFileListPaths = (
			);
			outputPaths = (
				"$(DERIVED_FILE_DIR)/Pods-iOS-TvShows-checkManifestLockResult.txt",
			);
			runOnlyForDeploymentPostprocessing = 0;
			shellPath = /bin/sh;
			shellScript = "diff \"${PODS_PODFILE_DIR_PATH}/Podfile.lock\" \"${PODS_ROOT}/Manifest.lock\" > /dev/null\nif [ $? != 0 ] ; then\n    # print error to STDERR\n    echo \"error: The sandbox is not in sync with the Podfile.lock. Run 'pod install' or update your CocoaPods installation.\" >&2\n    exit 1\nfi\n# This output is used by Xcode 'outputs' to avoid re-running this script phase.\necho \"SUCCESS\" > \"${SCRIPT_OUTPUT_FILE_0}\"\n";
			showEnvVarsInLog = 0;
		};
		D42D21CFE36760A64ECDF94F /* [CP] Embed Pods Frameworks */ = {
			isa = PBXShellScriptBuildPhase;
			buildActionMask = 2147483647;
			files = (
			);
			inputFileListPaths = (
				"${PODS_ROOT}/Target Support Files/Pods-iOS-TvShows/Pods-iOS-TvShows-frameworks-${CONFIGURATION}-input-files.xcfilelist",
			);
			name = "[CP] Embed Pods Frameworks";
			outputFileListPaths = (
				"${PODS_ROOT}/Target Support Files/Pods-iOS-TvShows/Pods-iOS-TvShows-frameworks-${CONFIGURATION}-output-files.xcfilelist",
			);
			runOnlyForDeploymentPostprocessing = 0;
			shellPath = /bin/sh;
			shellScript = "\"${PODS_ROOT}/Target Support Files/Pods-iOS-TvShows/Pods-iOS-TvShows-frameworks.sh\"\n";
			showEnvVarsInLog = 0;
		};
/* End PBXShellScriptBuildPhase section */

/* Begin PBXSourcesBuildPhase section */
		B6BE823727391EF4000C38E9 /* Sources */ = {
			isa = PBXSourcesBuildPhase;
			buildActionMask = 2147483647;
			files = (
				B6B38529273A923600CFE02C /* ConstructViewsProtocol.swift in Sources */,
				B6E71C5D27394B81009123A3 /* Result+Rx.swift in Sources */,
				B6BE823F27391EF4000C38E9 /* AppDelegate.swift in Sources */,
				B6E71C22273936BF009123A3 /* ViewInterface.swift in Sources */,
				B6E71C70273952D3009123A3 /* AuthInfo.swift in Sources */,
				B6B38621273C605900CFE02C /* AppKeyboardService.swift in Sources */,
				B6B38617273C4C9A00CFE02C /* BaseTextField.swift in Sources */,
				B6B385F1273C3E9700CFE02C /* CGFloat+Extensions.swift in Sources */,
				B6E71C4E273949AC009123A3 /* EncodableParams.swift in Sources */,
				B6E71C5327394A94009123A3 /* SessionManager.swift in Sources */,
				B6B385F9273C433300CFE02C /* PrimaryButton.swift in Sources */,
				B6C90DF12742577400504E73 /* UIColor+Extensions.swift in Sources */,
				B6B3854D273A992F00CFE02C /* UILabel+Extensions.swift in Sources */,
				B6B3861D273C600F00CFE02C /* KeyboardSubscriberInterface.swift in Sources */,
				B6E71C1F273936BF009123A3 /* FormatterInterface.swift in Sources */,
				B6E71C682739501A009123A3 /* Constants.swift in Sources */,
				B6B38610273C4BFD00CFE02C /* TextFieldType.swift in Sources */,
				B6E71C50273949D3009123A3 /* Router.swift in Sources */,
				B6E71C5F27394B90009123A3 /* Result+Map.swift in Sources */,
				B6B38602273C473B00CFE02C /* RememberButton.swift in Sources */,
				B6E71C6227394CE9009123A3 /* LoginRouter.swift in Sources */,
				B6E71C7327396431009123A3 /* DataRequest+Decodable.swift in Sources */,
				B6B385FF273C447A00CFE02C /* BaseButton+Design.swift in Sources */,
				B6B3852C273A94A700CFE02C /* BundleImage.swift in Sources */,
				B6B3861F273C603300CFE02C /* AppKeyboardServiceInterface.swift in Sources */,
				B6B38619273C4F0C00CFE02C /* BaseTextField+Design.swift in Sources */,
				B6B3860A273C49F500CFE02C /* SeparatorView+Design.swift in Sources */,
				B6B3855D273AAC2B00CFE02C /* UIView+Extensions.swift in Sources */,
				B6B3860E273C4B9500CFE02C /* TextFieldTypeModel.swift in Sources */,
				B6E71C5927394B35009123A3 /* APIService+Rx.swift in Sources */,
				B6B3852E273A94EE00CFE02C /* UIImage+Extensions.swift in Sources */,
				B6B38526273A921200CFE02C /* LoginViewController+Design.swift in Sources */,
				B6B38612273C4C3600CFE02C /* CustomInputView.swift in Sources */,
				B6E71C5627394B1C009123A3 /* APIService.swift in Sources */,
				B6E71C3C27393D70009123A3 /* LoginPresenter.swift in Sources */,
				B6E71C4B27394973009123A3 /* Routable.swift in Sources */,
				B6E71C6D273951AA009123A3 /* AuthStorageInterface.swift in Sources */,
				B6B38614273C4C4100CFE02C /* CustomInputView+Design.swift in Sources */,
				B6B38605273C480B00CFE02C /* RememberButton+Design.swift in Sources */,
				B6E71C20273936BF009123A3 /* UIStoryboardExtension.swift in Sources */,
				B6B385FD273C43B800CFE02C /* BaseButton.swift in Sources */,
				B6E71C3B27393D70009123A3 /* LoginInterfaces.swift in Sources */,
				B6E71C23273936BF009123A3 /* InteractorInterface.swift in Sources */,
				B6B38532273A958D00CFE02C /* UINavigationBar+Extensions.swift in Sources */,
				B6E71C3E27393D70009123A3 /* LoginInteractor.swift in Sources */,
				B6E71C6627394FC9009123A3 /* AuthAdapter.swift in Sources */,
				B6E71C6B2739518A009123A3 /* AuthStorage.swift in Sources */,
				B6B38623273C621900CFE02C /* KeyboardViewController.swift in Sources */,
				B6E71C1E273936BF009123A3 /* BaseWireframe.swift in Sources */,
				B6B38530273A955200CFE02C /* UINavigationController+Extensions.swift in Sources */,
				B6B385F3273C3F3600CFE02C /* SecondaryButton.swift in Sources */,
				B6E71C21273936BF009123A3 /* PresenterInterface.swift in Sources */,
				B6B38524273A743300CFE02C /* URLRequest+Extensions.swift in Sources */,
				B6E71C3D27393D70009123A3 /* LoginViewController.swift in Sources */,
				B6E71C3F27393D70009123A3 /* LoginWireframe.swift in Sources */,
				B6B38608273C49C900CFE02C /* SeparatorView.swift in Sources */,
			);
			runOnlyForDeploymentPostprocessing = 0;
		};
/* End PBXSourcesBuildPhase section */

/* Begin PBXVariantGroup section */
		B6BE824927391EF6000C38E9 /* LaunchScreen.storyboard */ = {
			isa = PBXVariantGroup;
			children = (
				B6BE824A27391EF6000C38E9 /* Base */,
			);
			name = LaunchScreen.storyboard;
			sourceTree = "<group>";
		};
/* End PBXVariantGroup section */

/* Begin XCBuildConfiguration section */
		B6BE824D27391EF6000C38E9 /* Debug */ = {
			isa = XCBuildConfiguration;
			buildSettings = {
				ALWAYS_SEARCH_USER_PATHS = NO;
				CLANG_ANALYZER_NONNULL = YES;
				CLANG_ANALYZER_NUMBER_OBJECT_CONVERSION = YES_AGGRESSIVE;
				CLANG_CXX_LANGUAGE_STANDARD = "gnu++14";
				CLANG_CXX_LIBRARY = "libc++";
				CLANG_ENABLE_MODULES = YES;
				CLANG_ENABLE_OBJC_ARC = YES;
				CLANG_ENABLE_OBJC_WEAK = YES;
				CLANG_WARN_BLOCK_CAPTURE_AUTORELEASING = YES;
				CLANG_WARN_BOOL_CONVERSION = YES;
				CLANG_WARN_COMMA = YES;
				CLANG_WARN_CONSTANT_CONVERSION = YES;
				CLANG_WARN_DEPRECATED_OBJC_IMPLEMENTATIONS = YES;
				CLANG_WARN_DIRECT_OBJC_ISA_USAGE = YES_ERROR;
				CLANG_WARN_DOCUMENTATION_COMMENTS = YES;
				CLANG_WARN_EMPTY_BODY = YES;
				CLANG_WARN_ENUM_CONVERSION = YES;
				CLANG_WARN_INFINITE_RECURSION = YES;
				CLANG_WARN_INT_CONVERSION = YES;
				CLANG_WARN_NON_LITERAL_NULL_CONVERSION = YES;
				CLANG_WARN_OBJC_IMPLICIT_RETAIN_SELF = YES;
				CLANG_WARN_OBJC_LITERAL_CONVERSION = YES;
				CLANG_WARN_OBJC_ROOT_CLASS = YES_ERROR;
				CLANG_WARN_QUOTED_INCLUDE_IN_FRAMEWORK_HEADER = YES;
				CLANG_WARN_RANGE_LOOP_ANALYSIS = YES;
				CLANG_WARN_STRICT_PROTOTYPES = YES;
				CLANG_WARN_SUSPICIOUS_MOVE = YES;
				CLANG_WARN_UNGUARDED_AVAILABILITY = YES_AGGRESSIVE;
				CLANG_WARN_UNREACHABLE_CODE = YES;
				CLANG_WARN__DUPLICATE_METHOD_MATCH = YES;
				COPY_PHASE_STRIP = NO;
				DEBUG_INFORMATION_FORMAT = dwarf;
				ENABLE_STRICT_OBJC_MSGSEND = YES;
				ENABLE_TESTABILITY = YES;
				GCC_C_LANGUAGE_STANDARD = gnu11;
				GCC_DYNAMIC_NO_PIC = NO;
				GCC_NO_COMMON_BLOCKS = YES;
				GCC_OPTIMIZATION_LEVEL = 0;
				GCC_PREPROCESSOR_DEFINITIONS = (
					"DEBUG=1",
					"$(inherited)",
				);
				GCC_WARN_64_TO_32_BIT_CONVERSION = YES;
				GCC_WARN_ABOUT_RETURN_TYPE = YES_ERROR;
				GCC_WARN_UNDECLARED_SELECTOR = YES;
				GCC_WARN_UNINITIALIZED_AUTOS = YES_AGGRESSIVE;
				GCC_WARN_UNUSED_FUNCTION = YES;
				GCC_WARN_UNUSED_VARIABLE = YES;
				IPHONEOS_DEPLOYMENT_TARGET = 14.5;
				MTL_ENABLE_DEBUG_INFO = INCLUDE_SOURCE;
				MTL_FAST_MATH = YES;
				ONLY_ACTIVE_ARCH = YES;
				SDKROOT = iphoneos;
				SWIFT_ACTIVE_COMPILATION_CONDITIONS = DEBUG;
				SWIFT_OPTIMIZATION_LEVEL = "-Onone";
			};
			name = Debug;
		};
		B6BE824E27391EF6000C38E9 /* Release */ = {
			isa = XCBuildConfiguration;
			buildSettings = {
				ALWAYS_SEARCH_USER_PATHS = NO;
				CLANG_ANALYZER_NONNULL = YES;
				CLANG_ANALYZER_NUMBER_OBJECT_CONVERSION = YES_AGGRESSIVE;
				CLANG_CXX_LANGUAGE_STANDARD = "gnu++14";
				CLANG_CXX_LIBRARY = "libc++";
				CLANG_ENABLE_MODULES = YES;
				CLANG_ENABLE_OBJC_ARC = YES;
				CLANG_ENABLE_OBJC_WEAK = YES;
				CLANG_WARN_BLOCK_CAPTURE_AUTORELEASING = YES;
				CLANG_WARN_BOOL_CONVERSION = YES;
				CLANG_WARN_COMMA = YES;
				CLANG_WARN_CONSTANT_CONVERSION = YES;
				CLANG_WARN_DEPRECATED_OBJC_IMPLEMENTATIONS = YES;
				CLANG_WARN_DIRECT_OBJC_ISA_USAGE = YES_ERROR;
				CLANG_WARN_DOCUMENTATION_COMMENTS = YES;
				CLANG_WARN_EMPTY_BODY = YES;
				CLANG_WARN_ENUM_CONVERSION = YES;
				CLANG_WARN_INFINITE_RECURSION = YES;
				CLANG_WARN_INT_CONVERSION = YES;
				CLANG_WARN_NON_LITERAL_NULL_CONVERSION = YES;
				CLANG_WARN_OBJC_IMPLICIT_RETAIN_SELF = YES;
				CLANG_WARN_OBJC_LITERAL_CONVERSION = YES;
				CLANG_WARN_OBJC_ROOT_CLASS = YES_ERROR;
				CLANG_WARN_QUOTED_INCLUDE_IN_FRAMEWORK_HEADER = YES;
				CLANG_WARN_RANGE_LOOP_ANALYSIS = YES;
				CLANG_WARN_STRICT_PROTOTYPES = YES;
				CLANG_WARN_SUSPICIOUS_MOVE = YES;
				CLANG_WARN_UNGUARDED_AVAILABILITY = YES_AGGRESSIVE;
				CLANG_WARN_UNREACHABLE_CODE = YES;
				CLANG_WARN__DUPLICATE_METHOD_MATCH = YES;
				COPY_PHASE_STRIP = NO;
				DEBUG_INFORMATION_FORMAT = "dwarf-with-dsym";
				ENABLE_NS_ASSERTIONS = NO;
				ENABLE_STRICT_OBJC_MSGSEND = YES;
				GCC_C_LANGUAGE_STANDARD = gnu11;
				GCC_NO_COMMON_BLOCKS = YES;
				GCC_WARN_64_TO_32_BIT_CONVERSION = YES;
				GCC_WARN_ABOUT_RETURN_TYPE = YES_ERROR;
				GCC_WARN_UNDECLARED_SELECTOR = YES;
				GCC_WARN_UNINITIALIZED_AUTOS = YES_AGGRESSIVE;
				GCC_WARN_UNUSED_FUNCTION = YES;
				GCC_WARN_UNUSED_VARIABLE = YES;
				IPHONEOS_DEPLOYMENT_TARGET = 14.5;
				MTL_ENABLE_DEBUG_INFO = NO;
				MTL_FAST_MATH = YES;
				SDKROOT = iphoneos;
				SWIFT_COMPILATION_MODE = wholemodule;
				SWIFT_OPTIMIZATION_LEVEL = "-O";
				VALIDATE_PRODUCT = YES;
			};
			name = Release;
		};
		B6BE825027391EF6000C38E9 /* Debug */ = {
			isa = XCBuildConfiguration;
			baseConfigurationReference = 3EA1561A71DEA0C945D5C561 /* Pods-iOS-TvShows.debug.xcconfig */;
			buildSettings = {
				ASSETCATALOG_COMPILER_APPICON_NAME = AppIcon;
				ASSETCATALOG_COMPILER_GLOBAL_ACCENT_COLOR_NAME = AccentColor;
				CODE_SIGN_STYLE = Automatic;
				DEVELOPMENT_TEAM = 4V748CASZG;
				INFOPLIST_FILE = "iOS-TvShows/Application/Info.plist";
				IPHONEOS_DEPLOYMENT_TARGET = 12.1;
				LD_RUNPATH_SEARCH_PATHS = (
					"$(inherited)",
					"@executable_path/Frameworks",
				);
				PRODUCT_BUNDLE_IDENTIFIER = "TvShows.filipBan.com.iOS-TvShows";
				PRODUCT_NAME = "$(TARGET_NAME)";
				SWIFT_VERSION = 5.0;
				TARGETED_DEVICE_FAMILY = 1;
			};
			name = Debug;
		};
		B6BE825127391EF6000C38E9 /* Release */ = {
			isa = XCBuildConfiguration;
			baseConfigurationReference = 80FD8EDB93E97C2996CF93D1 /* Pods-iOS-TvShows.release.xcconfig */;
			buildSettings = {
				ASSETCATALOG_COMPILER_APPICON_NAME = AppIcon;
				ASSETCATALOG_COMPILER_GLOBAL_ACCENT_COLOR_NAME = AccentColor;
				CODE_SIGN_STYLE = Automatic;
				DEVELOPMENT_TEAM = 4V748CASZG;
				INFOPLIST_FILE = "iOS-TvShows/Application/Info.plist";
				IPHONEOS_DEPLOYMENT_TARGET = 12.1;
				LD_RUNPATH_SEARCH_PATHS = (
					"$(inherited)",
					"@executable_path/Frameworks",
				);
				PRODUCT_BUNDLE_IDENTIFIER = "TvShows.filipBan.com.iOS-TvShows";
				PRODUCT_NAME = "$(TARGET_NAME)";
				SWIFT_VERSION = 5.0;
				TARGETED_DEVICE_FAMILY = 1;
			};
			name = Release;
		};
/* End XCBuildConfiguration section */

/* Begin XCConfigurationList section */
		B6BE823627391EF4000C38E9 /* Build configuration list for PBXProject "iOS-TvShows" */ = {
			isa = XCConfigurationList;
			buildConfigurations = (
				B6BE824D27391EF6000C38E9 /* Debug */,
				B6BE824E27391EF6000C38E9 /* Release */,
			);
			defaultConfigurationIsVisible = 0;
			defaultConfigurationName = Release;
		};
		B6BE824F27391EF6000C38E9 /* Build configuration list for PBXNativeTarget "iOS-TvShows" */ = {
			isa = XCConfigurationList;
			buildConfigurations = (
				B6BE825027391EF6000C38E9 /* Debug */,
				B6BE825127391EF6000C38E9 /* Release */,
			);
			defaultConfigurationIsVisible = 0;
			defaultConfigurationName = Release;
		};
/* End XCConfigurationList section */
	};
	rootObject = B6BE823327391EF4000C38E9 /* Project object */;
}
